{
    "name": "language-j",
    "version": "0.7.4",
    "lockfileVersion": 2,
    "requires": true,
    "packages": {
        "": {
            "name": "language-j",
            "version": "0.7.4",
            "devDependencies": {},
            "engines": {
                "vscode": "^1.19.0"
            }
        }
    }
}
